
Microsoft Visual Studio Solution File, Format Version 12.00
# Visual Studio Version 17
VisualStudioVersion = 17.4.33205.214
MinimumVisualStudioVersion = 10.0.40219.1
Project("{FAE04EC0-301F-11D3-BF4B-00C04F79EFBC}") = "T05_GanDLvaoDKh_Bound", "T05_GanDLvaoDKh_Bound\T05_GanDLvaoDKh_Bound.csproj", "{B764E5D3-7552-4118-8AFE-AB8310041B00}"
EndProject
Global
	GlobalSection(SolutionConfigurationPlatforms) = preSolution
		Debug|Any CPU = Debug|Any CPU
		Release|Any CPU = Release|Any CPU
	EndGlobalSection
	GlobalSection(ProjectConfigurationPlatforms) = postSolution
		{B764E5D3-7552-4118-8AFE-AB8310041B00}.Debug|Any CPU.ActiveCfg = Debug|Any CPU
		{B764E5D3-7552-4118-8AFE-AB8310041B00}.Debug|Any CPU.Build.0 = Debug|Any CPU
		{B764E5D3-7552-4118-8AFE-AB8310041B00}.Release|Any CPU.ActiveCfg = Release|Any CPU
		{B764E5D3-7552-4118-8AFE-AB8310041B00}.Release|Any CPU.Build.0 = Release|Any CPU
	EndGlobalSection
	GlobalSection(SolutionProperties) = preSolution
		HideSolutionNode = FALSE
	EndGlobalSection
	GlobalSection(ExtensibilityGlobals) = postSolution
		SolutionGuid = {065B971F-4ABF-4701-9E1F-4ACC06D2F0C0}
	EndGlobalSection
EndGlobal
